{
  "name": "Forum-Graczy",
  "lockfileVersion": 2,
  "requires": true,
  "packages": {
    "": {
      "devDependencies": {
        "@types/js-cookie": "^3.0.2"
      }
    },
    "node_modules/@types/js-cookie": {
      "version": "3.0.2",
      "resolved": "https://registry.npmjs.org/@types/js-cookie/-/js-cookie-3.0.2.tgz",
      "integrity": "sha512-6+0ekgfusHftJNYpihfkMu8BWdeHs9EOJuGcSofErjstGPfPGEu9yTu4t460lTzzAMl2cM5zngQJqPMHbbnvYA==",
      "dev": true
    }
  },
  "dependencies": {
    "@types/js-cookie": {
      "version": "3.0.2",
      "resolved": "https://registry.npmjs.org/@types/js-cookie/-/js-cookie-3.0.2.tgz",
      "integrity": "sha512-6+0ekgfusHftJNYpihfkMu8BWdeHs9EOJuGcSofErjstGPfPGEu9yTu4t460lTzzAMl2cM5zngQJqPMHbbnvYA==",
      "dev": true
    }
  }
}
